
Microsoft Visual Studio Solution File, Format Version 12.00
# Visual Studio Version 16
VisualStudioVersion = 16.0.28917.181
MinimumVisualStudioVersion = 10.0.40219.1
Project("{FAE04EC0-301F-11D3-BF4B-00C04F79EFBC}") = "AdventureGame", "AdventureGame\AdventureGame.csproj", "{758CD0FC-D3F8-4ADB-929D-1EC687B94973}"
EndProject
Global
	GlobalSection(SolutionConfigurationPlatforms) = preSolution
		Debug|Any CPU = Debug|Any CPU
		Release|Any CPU = Release|Any CPU
	EndGlobalSection
	GlobalSection(ProjectConfigurationPlatforms) = postSolution
		{758CD0FC-D3F8-4ADB-929D-1EC687B94973}.Debug|Any CPU.ActiveCfg = Debug|Any CPU
		{758CD0FC-D3F8-4ADB-929D-1EC687B94973}.Debug|Any CPU.Build.0 = Debug|Any CPU
		{758CD0FC-D3F8-4ADB-929D-1EC687B94973}.Release|Any CPU.ActiveCfg = Release|Any CPU
		{758CD0FC-D3F8-4ADB-929D-1EC687B94973}.Release|Any CPU.Build.0 = Release|Any CPU
	EndGlobalSection
	GlobalSection(SolutionProperties) = preSolution
		HideSolutionNode = FALSE
	EndGlobalSection
	GlobalSection(ExtensibilityGlobals) = postSolution
		SolutionGuid = {8C7C1B1B-A268-4C57-AEA1-B0177FEDB787}
	EndGlobalSection
EndGlobal
